// !$*UTF8*$!
{
	archiveVersion = 1;
	classes = {
	};
	objectVersion = 56;
	objects = {

/* Begin PBXBuildFile section */
		13AD7E172A9F1D5C00346B2C /* LinguaApp.swift in Sources */ = {isa = PBXBuildFile; fileRef = 13AD7E162A9F1D5C00346B2C /* LinguaApp.swift */; };
		13AD7E192A9F1D5C00346B2C /* ContentView.swift in Sources */ = {isa = PBXBuildFile; fileRef = 13AD7E182A9F1D5C00346B2C /* ContentView.swift */; };
		13AD7E1B2A9F1D5E00346B2C /* Assets.xcassets in Resources */ = {isa = PBXBuildFile; fileRef = 13AD7E1A2A9F1D5E00346B2C /* Assets.xcassets */; };
		13AD7E1E2A9F1D5E00346B2C /* Preview Assets.xcassets in Resources */ = {isa = PBXBuildFile; fileRef = 13AD7E1D2A9F1D5E00346B2C /* Preview Assets.xcassets */; };
		13AD7E452AA18B4100346B2C /* Audio.swift in Sources */ = {isa = PBXBuildFile; fileRef = 13AD7E442AA18B4100346B2C /* Audio.swift */; };
		7E8B163A2AA121F500B589CD /* SentenceM.swift in Sources */ = {isa = PBXBuildFile; fileRef = 7E8B16392AA121F400B589CD /* SentenceM.swift */; };
		7E8B163C2AA1221600B589CD /* WordM.swift in Sources */ = {isa = PBXBuildFile; fileRef = 7E8B163B2AA1221600B589CD /* WordM.swift */; };
		7E8B163E2AA1222A00B589CD /* ParagrphM.swift in Sources */ = {isa = PBXBuildFile; fileRef = 7E8B163D2AA1222A00B589CD /* ParagrphM.swift */; };
		7E8B16412AA124E700B589CD /* NetworkManagerWord.swift in Sources */ = {isa = PBXBuildFile; fileRef = 7E8B16402AA124E700B589CD /* NetworkManagerWord.swift */; };
		7E8B16432AA185AA00B589CD /* NetworkManagerSentence.swift in Sources */ = {isa = PBXBuildFile; fileRef = 7E8B16422AA185AA00B589CD /* NetworkManagerSentence.swift */; };
		7E8B16452AA18B5F00B589CD /* NetworkManagerParagraph.swift in Sources */ = {isa = PBXBuildFile; fileRef = 7E8B16442AA18B5F00B589CD /* NetworkManagerParagraph.swift */; };
		D1232D722A9F5B3C00EFA01B /* HomeView.swift in Sources */ = {isa = PBXBuildFile; fileRef = D1232D712A9F5B3C00EFA01B /* HomeView.swift */; };
		D1232D742A9F5C6600EFA01B /* HomeViewSpeak.swift in Sources */ = {isa = PBXBuildFile; fileRef = D1232D732A9F5C6600EFA01B /* HomeViewSpeak.swift */; };
		D1232D762A9F5CC700EFA01B /* HomeViewLearn.swift in Sources */ = {isa = PBXBuildFile; fileRef = D1232D752A9F5CC700EFA01B /* HomeViewLearn.swift */; };
		D1232D782A9F5E0300EFA01B /* HomeViewRecord.swift in Sources */ = {isa = PBXBuildFile; fileRef = D1232D772A9F5E0300EFA01B /* HomeViewRecord.swift */; };
		D1232D7C2A9F611600EFA01B /* SpeakView.swift in Sources */ = {isa = PBXBuildFile; fileRef = D1232D7B2A9F611600EFA01B /* SpeakView.swift */; };
		D1232D7E2A9F615300EFA01B /* HomeViewTop.swift in Sources */ = {isa = PBXBuildFile; fileRef = D1232D7D2A9F615300EFA01B /* HomeViewTop.swift */; };
		D1232D812A9F8CEF00EFA01B /* AnalyzeView.swift in Sources */ = {isa = PBXBuildFile; fileRef = D1232D802A9F8CEF00EFA01B /* AnalyzeView.swift */; };
		D1232D842A9F968500EFA01B /* PronounceView.swift in Sources */ = {isa = PBXBuildFile; fileRef = D1232D832A9F968500EFA01B /* PronounceView.swift */; };
		D1232D862A9F9AF700EFA01B /* PronouncePronView.swift in Sources */ = {isa = PBXBuildFile; fileRef = D1232D852A9F9AF700EFA01B /* PronouncePronView.swift */; };
		D1232D882A9F9B0900EFA01B /* PronounceBreath.swift in Sources */ = {isa = PBXBuildFile; fileRef = D1232D872A9F9B0900EFA01B /* PronounceBreath.swift */; };
		D1232D8A2AA0683C00EFA01B /* PronounceTab.swift in Sources */ = {isa = PBXBuildFile; fileRef = D1232D892AA0683C00EFA01B /* PronounceTab.swift */; };
		D1232D8D2AA07D1000EFA01B /* ParagraphView.swift in Sources */ = {isa = PBXBuildFile; fileRef = D1232D8C2AA07D1000EFA01B /* ParagraphView.swift */; };
		D1232D902AA0A69200EFA01B /* ParagraphSequneceView.swift in Sources */ = {isa = PBXBuildFile; fileRef = D1232D8F2AA0A69200EFA01B /* ParagraphSequneceView.swift */; };
		D1232D922AA0A72400EFA01B /* ParagraphProFirst.swift in Sources */ = {isa = PBXBuildFile; fileRef = D1232D912AA0A72400EFA01B /* ParagraphProFirst.swift */; };
		D1232D942AA0B26D00EFA01B /* ParagraphTab.swift in Sources */ = {isa = PBXBuildFile; fileRef = D1232D932AA0B26D00EFA01B /* ParagraphTab.swift */; };
		D1232D962AA0BCAF00EFA01B /* ParagraphBreFirst.swift in Sources */ = {isa = PBXBuildFile; fileRef = D1232D952AA0BCAF00EFA01B /* ParagraphBreFirst.swift */; };
		D1232D9D2AA11BB400EFA01B /* ResultView.swift in Sources */ = {isa = PBXBuildFile; fileRef = D1232D9C2AA11BB400EFA01B /* ResultView.swift */; };
/* End PBXBuildFile section */

/* Begin PBXFileReference section */
		13AD7E132A9F1D5C00346B2C /* Lingua.app */ = {isa = PBXFileReference; explicitFileType = wrapper.application; includeInIndex = 0; path = Lingua.app; sourceTree = BUILT_PRODUCTS_DIR; };
		13AD7E162A9F1D5C00346B2C /* LinguaApp.swift */ = {isa = PBXFileReference; lastKnownFileType = sourcecode.swift; path = LinguaApp.swift; sourceTree = "<group>"; };
		13AD7E182A9F1D5C00346B2C /* ContentView.swift */ = {isa = PBXFileReference; lastKnownFileType = sourcecode.swift; path = ContentView.swift; sourceTree = "<group>"; };
		13AD7E1A2A9F1D5E00346B2C /* Assets.xcassets */ = {isa = PBXFileReference; lastKnownFileType = folder.assetcatalog; path = Assets.xcassets; sourceTree = "<group>"; };
		13AD7E1D2A9F1D5E00346B2C /* Preview Assets.xcassets */ = {isa = PBXFileReference; lastKnownFileType = folder.assetcatalog; path = "Preview Assets.xcassets"; sourceTree = "<group>"; };
		13AD7E442AA18B4100346B2C /* Audio.swift */ = {isa = PBXFileReference; lastKnownFileType = sourcecode.swift; path = Audio.swift; sourceTree = "<group>"; };
		7E8B16392AA121F400B589CD /* SentenceM.swift */ = {isa = PBXFileReference; lastKnownFileType = sourcecode.swift; path = SentenceM.swift; sourceTree = "<group>"; };
		7E8B163B2AA1221600B589CD /* WordM.swift */ = {isa = PBXFileReference; lastKnownFileType = sourcecode.swift; path = WordM.swift; sourceTree = "<group>"; };
		7E8B163D2AA1222A00B589CD /* ParagrphM.swift */ = {isa = PBXFileReference; lastKnownFileType = sourcecode.swift; path = ParagrphM.swift; sourceTree = "<group>"; };
		7E8B16402AA124E700B589CD /* NetworkManagerWord.swift */ = {isa = PBXFileReference; lastKnownFileType = sourcecode.swift; path = NetworkManagerWord.swift; sourceTree = "<group>"; };
		7E8B16422AA185AA00B589CD /* NetworkManagerSentence.swift */ = {isa = PBXFileReference; lastKnownFileType = sourcecode.swift; path = NetworkManagerSentence.swift; sourceTree = "<group>"; };
		7E8B16442AA18B5F00B589CD /* NetworkManagerParagraph.swift */ = {isa = PBXFileReference; lastKnownFileType = sourcecode.swift; path = NetworkManagerParagraph.swift; sourceTree = "<group>"; };
		D1232D712A9F5B3C00EFA01B /* HomeView.swift */ = {isa = PBXFileReference; lastKnownFileType = sourcecode.swift; path = HomeView.swift; sourceTree = "<group>"; };
		D1232D732A9F5C6600EFA01B /* HomeViewSpeak.swift */ = {isa = PBXFileReference; lastKnownFileType = sourcecode.swift; path = HomeViewSpeak.swift; sourceTree = "<group>"; };
		D1232D752A9F5CC700EFA01B /* HomeViewLearn.swift */ = {isa = PBXFileReference; lastKnownFileType = sourcecode.swift; path = HomeViewLearn.swift; sourceTree = "<group>"; };
		D1232D772A9F5E0300EFA01B /* HomeViewRecord.swift */ = {isa = PBXFileReference; lastKnownFileType = sourcecode.swift; path = HomeViewRecord.swift; sourceTree = "<group>"; };
		D1232D7B2A9F611600EFA01B /* SpeakView.swift */ = {isa = PBXFileReference; lastKnownFileType = sourcecode.swift; path = SpeakView.swift; sourceTree = "<group>"; };
		D1232D7D2A9F615300EFA01B /* HomeViewTop.swift */ = {isa = PBXFileReference; lastKnownFileType = sourcecode.swift; path = HomeViewTop.swift; sourceTree = "<group>"; };
		D1232D802A9F8CEF00EFA01B /* AnalyzeView.swift */ = {isa = PBXFileReference; lastKnownFileType = sourcecode.swift; path = AnalyzeView.swift; sourceTree = "<group>"; };
		D1232D832A9F968500EFA01B /* PronounceView.swift */ = {isa = PBXFileReference; lastKnownFileType = sourcecode.swift; path = PronounceView.swift; sourceTree = "<group>"; };
		D1232D852A9F9AF700EFA01B /* PronouncePronView.swift */ = {isa = PBXFileReference; lastKnownFileType = sourcecode.swift; path = PronouncePronView.swift; sourceTree = "<group>"; };
		D1232D872A9F9B0900EFA01B /* PronounceBreath.swift */ = {isa = PBXFileReference; lastKnownFileType = sourcecode.swift; path = PronounceBreath.swift; sourceTree = "<group>"; };
		D1232D892AA0683C00EFA01B /* PronounceTab.swift */ = {isa = PBXFileReference; lastKnownFileType = sourcecode.swift; path = PronounceTab.swift; sourceTree = "<group>"; };
		D1232D8C2AA07D1000EFA01B /* ParagraphView.swift */ = {isa = PBXFileReference; lastKnownFileType = sourcecode.swift; path = ParagraphView.swift; sourceTree = "<group>"; };
		D1232D8F2AA0A69200EFA01B /* ParagraphSequneceView.swift */ = {isa = PBXFileReference; lastKnownFileType = sourcecode.swift; path = ParagraphSequneceView.swift; sourceTree = "<group>"; };
		D1232D912AA0A72400EFA01B /* ParagraphProFirst.swift */ = {isa = PBXFileReference; lastKnownFileType = sourcecode.swift; path = ParagraphProFirst.swift; sourceTree = "<group>"; };
		D1232D932AA0B26D00EFA01B /* ParagraphTab.swift */ = {isa = PBXFileReference; lastKnownFileType = sourcecode.swift; path = ParagraphTab.swift; sourceTree = "<group>"; };
		D1232D952AA0BCAF00EFA01B /* ParagraphBreFirst.swift */ = {isa = PBXFileReference; lastKnownFileType = sourcecode.swift; path = ParagraphBreFirst.swift; sourceTree = "<group>"; };
		D1232D9C2AA11BB400EFA01B /* ResultView.swift */ = {isa = PBXFileReference; lastKnownFileType = sourcecode.swift; path = ResultView.swift; sourceTree = "<group>"; };
/* End PBXFileReference section */

/* Begin PBXFrameworksBuildPhase section */
		13AD7E102A9F1D5C00346B2C /* Frameworks */ = {
			isa = PBXFrameworksBuildPhase;
			buildActionMask = 2147483647;
			files = (
			);
			runOnlyForDeploymentPostprocessing = 0;
		};
/* End PBXFrameworksBuildPhase section */

/* Begin PBXGroup section */
		13AD7E0A2A9F1D5C00346B2C = {
			isa = PBXGroup;
			children = (
				13AD7E152A9F1D5C00346B2C /* Lingua */,
				13AD7E142A9F1D5C00346B2C /* Products */,
			);
			sourceTree = "<group>";
		};
		13AD7E142A9F1D5C00346B2C /* Products */ = {
			isa = PBXGroup;
			children = (
				13AD7E132A9F1D5C00346B2C /* Lingua.app */,
			);
			name = Products;
			sourceTree = "<group>";
		};
		13AD7E152A9F1D5C00346B2C /* Lingua */ = {
			isa = PBXGroup;
			children = (
				13AD7E432AA18B2E00346B2C /* Audio */,
				7E8B163F2AA124C200B589CD /* Network */,
				D1232D702A9F579800EFA01B /* View */,
				7E8B16382AA1217700B589CD /* Model */,
				13AD7E162A9F1D5C00346B2C /* LinguaApp.swift */,
				13AD7E182A9F1D5C00346B2C /* ContentView.swift */,
				13AD7E1A2A9F1D5E00346B2C /* Assets.xcassets */,
				13AD7E1C2A9F1D5E00346B2C /* Preview Content */,
			);
			path = Lingua;
			sourceTree = "<group>";
		};
		13AD7E1C2A9F1D5E00346B2C /* Preview Content */ = {
			isa = PBXGroup;
			children = (
				13AD7E1D2A9F1D5E00346B2C /* Preview Assets.xcassets */,
			);
			path = "Preview Content";
			sourceTree = "<group>";
		};
		13AD7E432AA18B2E00346B2C /* Audio */ = {
			isa = PBXGroup;
			children = (
				13AD7E442AA18B4100346B2C /* Audio.swift */,
			);
			path = Audio;
			sourceTree = "<group>";
		};
		7E8B16382AA1217700B589CD /* Model */ = {
			isa = PBXGroup;
			children = (
				7E8B163B2AA1221600B589CD /* WordM.swift */,
				7E8B16392AA121F400B589CD /* SentenceM.swift */,
				7E8B163D2AA1222A00B589CD /* ParagrphM.swift */,
			);
			path = Model;
			sourceTree = "<group>";
		};
		7E8B163F2AA124C200B589CD /* Network */ = {
			isa = PBXGroup;
			children = (
				7E8B16402AA124E700B589CD /* NetworkManagerWord.swift */,
				7E8B16422AA185AA00B589CD /* NetworkManagerSentence.swift */,
				7E8B16442AA18B5F00B589CD /* NetworkManagerParagraph.swift */,
			);
			path = Network;
			sourceTree = "<group>";
		};
		D1232D702A9F579800EFA01B /* View */ = {
			isa = PBXGroup;
			children = (
				D1232D9B2AA11B6B00EFA01B /* ResultView */,
				D1232D8E2AA0A66B00EFA01B /* ParagraphSequenceView */,
				D1232D8B2AA07D0100EFA01B /* ParagraphView */,
				D1232D822A9F966900EFA01B /* PronounceView */,
				D1232D7F2A9F8CD700EFA01B /* Analyze */,
				D1232D7A2A9F610700EFA01B /* Speak */,
				D1232D792A9F609600EFA01B /* Home */,
			);
			path = View;
			sourceTree = "<group>";
		};
		D1232D792A9F609600EFA01B /* Home */ = {
			isa = PBXGroup;
			children = (
				D1232D712A9F5B3C00EFA01B /* HomeView.swift */,
				D1232D7D2A9F615300EFA01B /* HomeViewTop.swift */,
				D1232D732A9F5C6600EFA01B /* HomeViewSpeak.swift */,
				D1232D752A9F5CC700EFA01B /* HomeViewLearn.swift */,
				D1232D772A9F5E0300EFA01B /* HomeViewRecord.swift */,
			);
			path = Home;
			sourceTree = "<group>";
		};
		D1232D7A2A9F610700EFA01B /* Speak */ = {
			isa = PBXGroup;
			children = (
				D1232D7B2A9F611600EFA01B /* SpeakView.swift */,
			);
			path = Speak;
			sourceTree = "<group>";
		};
		D1232D7F2A9F8CD700EFA01B /* Analyze */ = {
			isa = PBXGroup;
			children = (
				D1232D802A9F8CEF00EFA01B /* AnalyzeView.swift */,
			);
			path = Analyze;
			sourceTree = "<group>";
		};
		D1232D822A9F966900EFA01B /* PronounceView */ = {
			isa = PBXGroup;
			children = (
				D1232D832A9F968500EFA01B /* PronounceView.swift */,
				D1232D852A9F9AF700EFA01B /* PronouncePronView.swift */,
				D1232D872A9F9B0900EFA01B /* PronounceBreath.swift */,
				D1232D892AA0683C00EFA01B /* PronounceTab.swift */,
			);
			path = PronounceView;
			sourceTree = "<group>";
		};
		D1232D8B2AA07D0100EFA01B /* ParagraphView */ = {
			isa = PBXGroup;
			children = (
				D1232D8C2AA07D1000EFA01B /* ParagraphView.swift */,
			);
			path = ParagraphView;
			sourceTree = "<group>";
		};
		D1232D8E2AA0A66B00EFA01B /* ParagraphSequenceView */ = {
			isa = PBXGroup;
			children = (
				D1232D8F2AA0A69200EFA01B /* ParagraphSequneceView.swift */,
				D1232D912AA0A72400EFA01B /* ParagraphProFirst.swift */,
				D1232D952AA0BCAF00EFA01B /* ParagraphBreFirst.swift */,
				D1232D932AA0B26D00EFA01B /* ParagraphTab.swift */,
			);
			path = ParagraphSequenceView;
			sourceTree = "<group>";
		};
		D1232D9B2AA11B6B00EFA01B /* ResultView */ = {
			isa = PBXGroup;
			children = (
				D1232D9C2AA11BB400EFA01B /* ResultView.swift */,
			);
			path = ResultView;
			sourceTree = "<group>";
		};
/* End PBXGroup section */

/* Begin PBXNativeTarget section */
		13AD7E122A9F1D5C00346B2C /* Lingua */ = {
			isa = PBXNativeTarget;
			buildConfigurationList = 13AD7E212A9F1D5E00346B2C /* Build configuration list for PBXNativeTarget "Lingua" */;
			buildPhases = (
				13AD7E0F2A9F1D5C00346B2C /* Sources */,
				13AD7E102A9F1D5C00346B2C /* Frameworks */,
				13AD7E112A9F1D5C00346B2C /* Resources */,
			);
			buildRules = (
			);
			dependencies = (
			);
			name = Lingua;
			productName = Lingua;
			productReference = 13AD7E132A9F1D5C00346B2C /* Lingua.app */;
			productType = "com.apple.product-type.application";
		};
/* End PBXNativeTarget section */

/* Begin PBXProject section */
		13AD7E0B2A9F1D5C00346B2C /* Project object */ = {
			isa = PBXProject;
			attributes = {
				BuildIndependentTargetsInParallel = 1;
				LastSwiftUpdateCheck = 1430;
				LastUpgradeCheck = 1430;
				TargetAttributes = {
					13AD7E122A9F1D5C00346B2C = {
						CreatedOnToolsVersion = 14.3.1;
					};
				};
			};
			buildConfigurationList = 13AD7E0E2A9F1D5C00346B2C /* Build configuration list for PBXProject "Lingua" */;
			compatibilityVersion = "Xcode 14.0";
			developmentRegion = en;
			hasScannedForEncodings = 0;
			knownRegions = (
				en,
				Base,
			);
			mainGroup = 13AD7E0A2A9F1D5C00346B2C;
			productRefGroup = 13AD7E142A9F1D5C00346B2C /* Products */;
			projectDirPath = "";
			projectRoot = "";
			targets = (
				13AD7E122A9F1D5C00346B2C /* Lingua */,
			);
		};
/* End PBXProject section */

/* Begin PBXResourcesBuildPhase section */
		13AD7E112A9F1D5C00346B2C /* Resources */ = {
			isa = PBXResourcesBuildPhase;
			buildActionMask = 2147483647;
			files = (
				13AD7E1E2A9F1D5E00346B2C /* Preview Assets.xcassets in Resources */,
				13AD7E1B2A9F1D5E00346B2C /* Assets.xcassets in Resources */,
			);
			runOnlyForDeploymentPostprocessing = 0;
		};
/* End PBXResourcesBuildPhase section */

/* Begin PBXSourcesBuildPhase section */
		13AD7E0F2A9F1D5C00346B2C /* Sources */ = {
			isa = PBXSourcesBuildPhase;
			buildActionMask = 2147483647;
			files = (
				13AD7E452AA18B4100346B2C /* Audio.swift in Sources */,
				D1232D8A2AA0683C00EFA01B /* PronounceTab.swift in Sources */,
				D1232D7C2A9F611600EFA01B /* SpeakView.swift in Sources */,
				D1232D782A9F5E0300EFA01B /* HomeViewRecord.swift in Sources */,
				D1232D9D2AA11BB400EFA01B /* ResultView.swift in Sources */,
				D1232D722A9F5B3C00EFA01B /* HomeView.swift in Sources */,
				7E8B16432AA185AA00B589CD /* NetworkManagerSentence.swift in Sources */,
				D1232D7E2A9F615300EFA01B /* HomeViewTop.swift in Sources */,
				D1232D812A9F8CEF00EFA01B /* AnalyzeView.swift in Sources */,
				7E8B16412AA124E700B589CD /* NetworkManagerWord.swift in Sources */,
				D1232D862A9F9AF700EFA01B /* PronouncePronView.swift in Sources */,
				7E8B163C2AA1221600B589CD /* WordM.swift in Sources */,
				13AD7E192A9F1D5C00346B2C /* ContentView.swift in Sources */,
				7E8B16452AA18B5F00B589CD /* NetworkManagerParagraph.swift in Sources */,
				D1232D842A9F968500EFA01B /* PronounceView.swift in Sources */,
				7E8B163A2AA121F500B589CD /* SentenceM.swift in Sources */,
				D1232D962AA0BCAF00EFA01B /* ParagraphBreFirst.swift in Sources */,
				D1232D762A9F5CC700EFA01B /* HomeViewLearn.swift in Sources */,
				D1232D742A9F5C6600EFA01B /* HomeViewSpeak.swift in Sources */,
				D1232D8D2AA07D1000EFA01B /* ParagraphView.swift in Sources */,
				13AD7E172A9F1D5C00346B2C /* LinguaApp.swift in Sources */,
				D1232D882A9F9B0900EFA01B /* PronounceBreath.swift in Sources */,
				D1232D942AA0B26D00EFA01B /* ParagraphTab.swift in Sources */,
				D1232D922AA0A72400EFA01B /* ParagraphProFirst.swift in Sources */,
				7E8B163E2AA1222A00B589CD /* ParagrphM.swift in Sources */,
				D1232D902AA0A69200EFA01B /* ParagraphSequneceView.swift in Sources */,
			);
			runOnlyForDeploymentPostprocessing = 0;
		};
/* End PBXSourcesBuildPhase section */

/* Begin XCBuildConfiguration section */
		13AD7E1F2A9F1D5E00346B2C /* Debug */ = {
			isa = XCBuildConfiguration;
			buildSettings = {
				ALWAYS_SEARCH_USER_PATHS = NO;
				CLANG_ANALYZER_NONNULL = YES;
				CLANG_ANALYZER_NUMBER_OBJECT_CONVERSION = YES_AGGRESSIVE;
				CLANG_CXX_LANGUAGE_STANDARD = "gnu++20";
				CLANG_ENABLE_MODULES = YES;
				CLANG_ENABLE_OBJC_ARC = YES;
				CLANG_ENABLE_OBJC_WEAK = YES;
				CLANG_WARN_BLOCK_CAPTURE_AUTORELEASING = YES;
				CLANG_WARN_BOOL_CONVERSION = YES;
				CLANG_WARN_COMMA = YES;
				CLANG_WARN_CONSTANT_CONVERSION = YES;
				CLANG_WARN_DEPRECATED_OBJC_IMPLEMENTATIONS = YES;
				CLANG_WARN_DIRECT_OBJC_ISA_USAGE = YES_ERROR;
				CLANG_WARN_DOCUMENTATION_COMMENTS = YES;
				CLANG_WARN_EMPTY_BODY = YES;
				CLANG_WARN_ENUM_CONVERSION = YES;
				CLANG_WARN_INFINITE_RECURSION = YES;
				CLANG_WARN_INT_CONVERSION = YES;
				CLANG_WARN_NON_LITERAL_NULL_CONVERSION = YES;
				CLANG_WARN_OBJC_IMPLICIT_RETAIN_SELF = YES;
				CLANG_WARN_OBJC_LITERAL_CONVERSION = YES;
				CLANG_WARN_OBJC_ROOT_CLASS = YES_ERROR;
				CLANG_WARN_QUOTED_INCLUDE_IN_FRAMEWORK_HEADER = YES;
				CLANG_WARN_RANGE_LOOP_ANALYSIS = YES;
				CLANG_WARN_STRICT_PROTOTYPES = YES;
				CLANG_WARN_SUSPICIOUS_MOVE = YES;
				CLANG_WARN_UNGUARDED_AVAILABILITY = YES_AGGRESSIVE;
				CLANG_WARN_UNREACHABLE_CODE = YES;
				CLANG_WARN__DUPLICATE_METHOD_MATCH = YES;
				COPY_PHASE_STRIP = NO;
				DEBUG_INFORMATION_FORMAT = dwarf;
				ENABLE_STRICT_OBJC_MSGSEND = YES;
				ENABLE_TESTABILITY = YES;
				GCC_C_LANGUAGE_STANDARD = gnu11;
				GCC_DYNAMIC_NO_PIC = NO;
				GCC_NO_COMMON_BLOCKS = YES;
				GCC_OPTIMIZATION_LEVEL = 0;
				GCC_PREPROCESSOR_DEFINITIONS = (
					"DEBUG=1",
					"$(inherited)",
				);
				GCC_WARN_64_TO_32_BIT_CONVERSION = YES;
				GCC_WARN_ABOUT_RETURN_TYPE = YES_ERROR;
				GCC_WARN_UNDECLARED_SELECTOR = YES;
				GCC_WARN_UNINITIALIZED_AUTOS = YES_AGGRESSIVE;
				GCC_WARN_UNUSED_FUNCTION = YES;
				GCC_WARN_UNUSED_VARIABLE = YES;
				IPHONEOS_DEPLOYMENT_TARGET = 16.4;
				MTL_ENABLE_DEBUG_INFO = INCLUDE_SOURCE;
				MTL_FAST_MATH = YES;
				ONLY_ACTIVE_ARCH = YES;
				SDKROOT = iphoneos;
				SWIFT_ACTIVE_COMPILATION_CONDITIONS = DEBUG;
				SWIFT_OPTIMIZATION_LEVEL = "-Onone";
			};
			name = Debug;
		};
		13AD7E202A9F1D5E00346B2C /* Release */ = {
			isa = XCBuildConfiguration;
			buildSettings = {
				ALWAYS_SEARCH_USER_PATHS = NO;
				CLANG_ANALYZER_NONNULL = YES;
				CLANG_ANALYZER_NUMBER_OBJECT_CONVERSION = YES_AGGRESSIVE;
				CLANG_CXX_LANGUAGE_STANDARD = "gnu++20";
				CLANG_ENABLE_MODULES = YES;
				CLANG_ENABLE_OBJC_ARC = YES;
				CLANG_ENABLE_OBJC_WEAK = YES;
				CLANG_WARN_BLOCK_CAPTURE_AUTORELEASING = YES;
				CLANG_WARN_BOOL_CONVERSION = YES;
				CLANG_WARN_COMMA = YES;
				CLANG_WARN_CONSTANT_CONVERSION = YES;
				CLANG_WARN_DEPRECATED_OBJC_IMPLEMENTATIONS = YES;
				CLANG_WARN_DIRECT_OBJC_ISA_USAGE = YES_ERROR;
				CLANG_WARN_DOCUMENTATION_COMMENTS = YES;
				CLANG_WARN_EMPTY_BODY = YES;
				CLANG_WARN_ENUM_CONVERSION = YES;
				CLANG_WARN_INFINITE_RECURSION = YES;
				CLANG_WARN_INT_CONVERSION = YES;
				CLANG_WARN_NON_LITERAL_NULL_CONVERSION = YES;
				CLANG_WARN_OBJC_IMPLICIT_RETAIN_SELF = YES;
				CLANG_WARN_OBJC_LITERAL_CONVERSION = YES;
				CLANG_WARN_OBJC_ROOT_CLASS = YES_ERROR;
				CLANG_WARN_QUOTED_INCLUDE_IN_FRAMEWORK_HEADER = YES;
				CLANG_WARN_RANGE_LOOP_ANALYSIS = YES;
				CLANG_WARN_STRICT_PROTOTYPES = YES;
				CLANG_WARN_SUSPICIOUS_MOVE = YES;
				CLANG_WARN_UNGUARDED_AVAILABILITY = YES_AGGRESSIVE;
				CLANG_WARN_UNREACHABLE_CODE = YES;
				CLANG_WARN__DUPLICATE_METHOD_MATCH = YES;
				COPY_PHASE_STRIP = NO;
				DEBUG_INFORMATION_FORMAT = "dwarf-with-dsym";
				ENABLE_NS_ASSERTIONS = NO;
				ENABLE_STRICT_OBJC_MSGSEND = YES;
				GCC_C_LANGUAGE_STANDARD = gnu11;
				GCC_NO_COMMON_BLOCKS = YES;
				GCC_WARN_64_TO_32_BIT_CONVERSION = YES;
				GCC_WARN_ABOUT_RETURN_TYPE = YES_ERROR;
				GCC_WARN_UNDECLARED_SELECTOR = YES;
				GCC_WARN_UNINITIALIZED_AUTOS = YES_AGGRESSIVE;
				GCC_WARN_UNUSED_FUNCTION = YES;
				GCC_WARN_UNUSED_VARIABLE = YES;
				IPHONEOS_DEPLOYMENT_TARGET = 16.4;
				MTL_ENABLE_DEBUG_INFO = NO;
				MTL_FAST_MATH = YES;
				SDKROOT = iphoneos;
				SWIFT_COMPILATION_MODE = wholemodule;
				SWIFT_OPTIMIZATION_LEVEL = "-O";
				VALIDATE_PRODUCT = YES;
			};
			name = Release;
		};
		13AD7E222A9F1D5E00346B2C /* Debug */ = {
			isa = XCBuildConfiguration;
			buildSettings = {
				ASSETCATALOG_COMPILER_APPICON_NAME = AppIcon;
				ASSETCATALOG_COMPILER_GLOBAL_ACCENT_COLOR_NAME = AccentColor;
				CODE_SIGN_STYLE = Automatic;
				CURRENT_PROJECT_VERSION = 1;
				DEVELOPMENT_ASSET_PATHS = "\"Lingua/Preview Content\"";
				DEVELOPMENT_TEAM = SHJRTZNP7N;
				ENABLE_PREVIEWS = YES;
				GENERATE_INFOPLIST_FILE = YES;
				INFOPLIST_KEY_NSMicrophoneUsageDescription = "Use Microphon using Acception";
				INFOPLIST_KEY_UIApplicationSceneManifest_Generation = YES;
				INFOPLIST_KEY_UIApplicationSupportsIndirectInputEvents = YES;
				INFOPLIST_KEY_UILaunchScreen_Generation = YES;
				INFOPLIST_KEY_UISupportedInterfaceOrientations_iPad = "UIInterfaceOrientationPortrait UIInterfaceOrientationPortraitUpsideDown UIInterfaceOrientationLandscapeLeft UIInterfaceOrientationLandscapeRight";
				INFOPLIST_KEY_UISupportedInterfaceOrientations_iPhone = "UIInterfaceOrientationPortrait UIInterfaceOrientationLandscapeLeft UIInterfaceOrientationLandscapeRight";
				LD_RUNPATH_SEARCH_PATHS = (
					"$(inherited)",
					"@executable_path/Frameworks",
				);
				MARKETING_VERSION = 1.0;
				PRODUCT_BUNDLE_IDENTIFIER = d.Lingua;
				PRODUCT_NAME = "$(TARGET_NAME)";
				SWIFT_EMIT_LOC_STRINGS = YES;
				SWIFT_VERSION = 5.0;
				TARGETED_DEVICE_FAMILY = "1,2";
			};
			name = Debug;
		};
		13AD7E232A9F1D5E00346B2C /* Release */ = {
			isa = XCBuildConfiguration;
			buildSettings = {
				ASSETCATALOG_COMPILER_APPICON_NAME = AppIcon;
				ASSETCATALOG_COMPILER_GLOBAL_ACCENT_COLOR_NAME = AccentColor;
				CODE_SIGN_STYLE = Automatic;
				CURRENT_PROJECT_VERSION = 1;
				DEVELOPMENT_ASSET_PATHS = "\"Lingua/Preview Content\"";
				DEVELOPMENT_TEAM = SHJRTZNP7N;
				ENABLE_PREVIEWS = YES;
				GENERATE_INFOPLIST_FILE = YES;
				INFOPLIST_KEY_NSMicrophoneUsageDescription = "Use Microphon using Acception";
				INFOPLIST_KEY_UIApplicationSceneManifest_Generation = YES;
				INFOPLIST_KEY_UIApplicationSupportsIndirectInputEvents = YES;
				INFOPLIST_KEY_UILaunchScreen_Generation = YES;
				INFOPLIST_KEY_UISupportedInterfaceOrientations_iPad = "UIInterfaceOrientationPortrait UIInterfaceOrientationPortraitUpsideDown UIInterfaceOrientationLandscapeLeft UIInterfaceOrientationLandscapeRight";
				INFOPLIST_KEY_UISupportedInterfaceOrientations_iPhone = "UIInterfaceOrientationPortrait UIInterfaceOrientationLandscapeLeft UIInterfaceOrientationLandscapeRight";
				LD_RUNPATH_SEARCH_PATHS = (
					"$(inherited)",
					"@executable_path/Frameworks",
				);
				MARKETING_VERSION = 1.0;
				PRODUCT_BUNDLE_IDENTIFIER = d.Lingua;
				PRODUCT_NAME = "$(TARGET_NAME)";
				SWIFT_EMIT_LOC_STRINGS = YES;
				SWIFT_VERSION = 5.0;
				TARGETED_DEVICE_FAMILY = "1,2";
			};
			name = Release;
		};
/* End XCBuildConfiguration section */

/* Begin XCConfigurationList section */
		13AD7E0E2A9F1D5C00346B2C /* Build configuration list for PBXProject "Lingua" */ = {
			isa = XCConfigurationList;
			buildConfigurations = (
				13AD7E1F2A9F1D5E00346B2C /* Debug */,
				13AD7E202A9F1D5E00346B2C /* Release */,
			);
			defaultConfigurationIsVisible = 0;
			defaultConfigurationName = Release;
		};
		13AD7E212A9F1D5E00346B2C /* Build configuration list for PBXNativeTarget "Lingua" */ = {
			isa = XCConfigurationList;
			buildConfigurations = (
				13AD7E222A9F1D5E00346B2C /* Debug */,
				13AD7E232A9F1D5E00346B2C /* Release */,
			);
			defaultConfigurationIsVisible = 0;
			defaultConfigurationName = Release;
		};
/* End XCConfigurationList section */
	};
	rootObject = 13AD7E0B2A9F1D5C00346B2C /* Project object */;
}
